
Microsoft Visual Studio Solution File, Format Version 12.00
# Visual Studio Version 17
VisualStudioVersion = 17.8.34330.188
MinimumVisualStudioVersion = 10.0.40219.1
Project("{9A19103F-16F7-4668-BE54-9A1E7A4F7556}") = "Exercicio01", "Tópico 01 - Nivelamento\Exercicio01\Exercicio01.csproj", "{4F135AEC-0252-42C2-A505-C2F666C3B4B5}"
EndProject
Project("{9A19103F-16F7-4668-BE54-9A1E7A4F7556}") = "Exercicio02", "Tópico 01 - Nivelamento\Exercicio02\Exercicio02.csproj", "{2A7C5EE3-8399-43EB-82B6-9A3105E2EA1B}"
EndProject
Project("{9A19103F-16F7-4668-BE54-9A1E7A4F7556}") = "Exercicio03", "Tópico 01 - Nivelamento\Exercicio03\Exercicio03.csproj", "{56F6C1DF-DDDB-4699-A973-04068B47760C}"
EndProject
Project("{9A19103F-16F7-4668-BE54-9A1E7A4F7556}") = "Exercicio04", "Tópico 01 - Nivelamento\Exercicio04\Exercicio04.csproj", "{F43F700F-C6A2-4B14-A2C4-C29200C4A7A7}"
EndProject
Project("{2150E333-8FDC-42A3-9474-1A3956D46DE8}") = "Tópico 01 - Nivelamento", "Tópico 01 - Nivelamento", "{46716219-D88A-4561-8337-BE281DFF685A}"
EndProject
Project("{2150E333-8FDC-42A3-9474-1A3956D46DE8}") = "Tópico 02 - OO Básico", "Tópico 02 - OO Básico", "{C5499D86-6A23-496A-9560-681CB6FDBD11}"
	ProjectSection(SolutionItems) = preProject
		Tópico 02 - OO Básico\01 - Sobrecarga e auxiliar This.txt = Tópico 02 - OO Básico\01 - Sobrecarga e auxiliar This.txt
		Tópico 02 - OO Básico\02 - Properties.txt = Tópico 02 - OO Básico\02 - Properties.txt
		Tópico 02 - OO Básico\03 - Tipos referência (classes) vs. tipos valor(struct).txt = Tópico 02 - OO Básico\03 - Tipos referência (classes) vs. tipos valor(struct).txt
		Tópico 02 - OO Básico\04 - Conceitos de desalocação.txt = Tópico 02 - OO Básico\04 - Conceitos de desalocação.txt
		Tópico 02 - OO Básico\05 - Listas.txt = Tópico 02 - OO Básico\05 - Listas.txt
	EndProjectSection
EndProject
Project("{9A19103F-16F7-4668-BE54-9A1E7A4F7556}") = "Exercicio05", "Tópico 02 - OO Básico\Exercicio05\Exercicio05.csproj", "{89070B70-EE44-479D-90DA-8787756C2E79}"
EndProject
Project("{9A19103F-16F7-4668-BE54-9A1E7A4F7556}") = "Exercicio06", "Tópico 02 - OO Básico\Exercicio06\Exercicio06.csproj", "{AB92A8CA-FCF1-4499-B0F7-603533955BB4}"
EndProject
Project("{9A19103F-16F7-4668-BE54-9A1E7A4F7556}") = "Exercicio07", "Tópico 02 - OO Básico\Exercicio07\Exercicio07.csproj", "{922E84FB-984D-42ED-AC4F-20496C62A628}"
EndProject
Project("{9A19103F-16F7-4668-BE54-9A1E7A4F7556}") = "Exercicio08", "Tópico 02 - OO Básico\Exercicio08\Exercicio08.csproj", "{F6D19F31-6635-47B8-A04A-3F624DF2D0EE}"
EndProject
Project("{9A19103F-16F7-4668-BE54-9A1E7A4F7556}") = "Exercicio09", "Tópico 02 - OO Básico\Exercicio09\Exercicio09.csproj", "{9E020B73-4471-439C-B21D-6A3ACCD24E79}"
EndProject
Project("{2150E333-8FDC-42A3-9474-1A3956D46DE8}") = "Tópico 03 - OO Intermediário", "Tópico 03 - OO Intermediário", "{518929AC-2D46-472A-A19B-9A5EA7EBC2BB}"
EndProject
Project("{FAE04EC0-301F-11D3-BF4B-00C04F79EFBC}") = "Exercicio10", "Tópico 03 - OO Intermediário\Exercicio10\Exercicio10.csproj", "{A96B2CC5-52FF-4487-A55E-332386854C97}"
EndProject
Project("{FAE04EC0-301F-11D3-BF4B-00C04F79EFBC}") = "Exercicio11", "Tópico 03 - OO Intermediário\Exercicio11\Exercicio11.csproj", "{C7F18EFC-702A-4D1C-99D7-61E90F51C9EF}"
EndProject
Global
	GlobalSection(SolutionConfigurationPlatforms) = preSolution
		Debug|Any CPU = Debug|Any CPU
		Release|Any CPU = Release|Any CPU
	EndGlobalSection
	GlobalSection(ProjectConfigurationPlatforms) = postSolution
		{4F135AEC-0252-42C2-A505-C2F666C3B4B5}.Debug|Any CPU.ActiveCfg = Debug|Any CPU
		{4F135AEC-0252-42C2-A505-C2F666C3B4B5}.Debug|Any CPU.Build.0 = Debug|Any CPU
		{4F135AEC-0252-42C2-A505-C2F666C3B4B5}.Release|Any CPU.ActiveCfg = Release|Any CPU
		{4F135AEC-0252-42C2-A505-C2F666C3B4B5}.Release|Any CPU.Build.0 = Release|Any CPU
		{2A7C5EE3-8399-43EB-82B6-9A3105E2EA1B}.Debug|Any CPU.ActiveCfg = Debug|Any CPU
		{2A7C5EE3-8399-43EB-82B6-9A3105E2EA1B}.Debug|Any CPU.Build.0 = Debug|Any CPU
		{2A7C5EE3-8399-43EB-82B6-9A3105E2EA1B}.Release|Any CPU.ActiveCfg = Release|Any CPU
		{2A7C5EE3-8399-43EB-82B6-9A3105E2EA1B}.Release|Any CPU.Build.0 = Release|Any CPU
		{56F6C1DF-DDDB-4699-A973-04068B47760C}.Debug|Any CPU.ActiveCfg = Debug|Any CPU
		{56F6C1DF-DDDB-4699-A973-04068B47760C}.Debug|Any CPU.Build.0 = Debug|Any CPU
		{56F6C1DF-DDDB-4699-A973-04068B47760C}.Release|Any CPU.ActiveCfg = Release|Any CPU
		{56F6C1DF-DDDB-4699-A973-04068B47760C}.Release|Any CPU.Build.0 = Release|Any CPU
		{F43F700F-C6A2-4B14-A2C4-C29200C4A7A7}.Debug|Any CPU.ActiveCfg = Debug|Any CPU
		{F43F700F-C6A2-4B14-A2C4-C29200C4A7A7}.Debug|Any CPU.Build.0 = Debug|Any CPU
		{F43F700F-C6A2-4B14-A2C4-C29200C4A7A7}.Release|Any CPU.ActiveCfg = Release|Any CPU
		{F43F700F-C6A2-4B14-A2C4-C29200C4A7A7}.Release|Any CPU.Build.0 = Release|Any CPU
		{89070B70-EE44-479D-90DA-8787756C2E79}.Debug|Any CPU.ActiveCfg = Debug|Any CPU
		{89070B70-EE44-479D-90DA-8787756C2E79}.Debug|Any CPU.Build.0 = Debug|Any CPU
		{89070B70-EE44-479D-90DA-8787756C2E79}.Release|Any CPU.ActiveCfg = Release|Any CPU
		{89070B70-EE44-479D-90DA-8787756C2E79}.Release|Any CPU.Build.0 = Release|Any CPU
		{AB92A8CA-FCF1-4499-B0F7-603533955BB4}.Debug|Any CPU.ActiveCfg = Debug|Any CPU
		{AB92A8CA-FCF1-4499-B0F7-603533955BB4}.Debug|Any CPU.Build.0 = Debug|Any CPU
		{AB92A8CA-FCF1-4499-B0F7-603533955BB4}.Release|Any CPU.ActiveCfg = Release|Any CPU
		{AB92A8CA-FCF1-4499-B0F7-603533955BB4}.Release|Any CPU.Build.0 = Release|Any CPU
		{922E84FB-984D-42ED-AC4F-20496C62A628}.Debug|Any CPU.ActiveCfg = Debug|Any CPU
		{922E84FB-984D-42ED-AC4F-20496C62A628}.Debug|Any CPU.Build.0 = Debug|Any CPU
		{922E84FB-984D-42ED-AC4F-20496C62A628}.Release|Any CPU.ActiveCfg = Release|Any CPU
		{922E84FB-984D-42ED-AC4F-20496C62A628}.Release|Any CPU.Build.0 = Release|Any CPU
		{F6D19F31-6635-47B8-A04A-3F624DF2D0EE}.Debug|Any CPU.ActiveCfg = Debug|Any CPU
		{F6D19F31-6635-47B8-A04A-3F624DF2D0EE}.Debug|Any CPU.Build.0 = Debug|Any CPU
		{F6D19F31-6635-47B8-A04A-3F624DF2D0EE}.Release|Any CPU.ActiveCfg = Release|Any CPU
		{F6D19F31-6635-47B8-A04A-3F624DF2D0EE}.Release|Any CPU.Build.0 = Release|Any CPU
		{9E020B73-4471-439C-B21D-6A3ACCD24E79}.Debug|Any CPU.ActiveCfg = Debug|Any CPU
		{9E020B73-4471-439C-B21D-6A3ACCD24E79}.Debug|Any CPU.Build.0 = Debug|Any CPU
		{9E020B73-4471-439C-B21D-6A3ACCD24E79}.Release|Any CPU.ActiveCfg = Release|Any CPU
		{9E020B73-4471-439C-B21D-6A3ACCD24E79}.Release|Any CPU.Build.0 = Release|Any CPU
		{A96B2CC5-52FF-4487-A55E-332386854C97}.Debug|Any CPU.ActiveCfg = Debug|Any CPU
		{A96B2CC5-52FF-4487-A55E-332386854C97}.Debug|Any CPU.Build.0 = Debug|Any CPU
		{A96B2CC5-52FF-4487-A55E-332386854C97}.Release|Any CPU.ActiveCfg = Release|Any CPU
		{A96B2CC5-52FF-4487-A55E-332386854C97}.Release|Any CPU.Build.0 = Release|Any CPU
		{C7F18EFC-702A-4D1C-99D7-61E90F51C9EF}.Debug|Any CPU.ActiveCfg = Debug|Any CPU
		{C7F18EFC-702A-4D1C-99D7-61E90F51C9EF}.Debug|Any CPU.Build.0 = Debug|Any CPU
		{C7F18EFC-702A-4D1C-99D7-61E90F51C9EF}.Release|Any CPU.ActiveCfg = Release|Any CPU
		{C7F18EFC-702A-4D1C-99D7-61E90F51C9EF}.Release|Any CPU.Build.0 = Release|Any CPU
	EndGlobalSection
	GlobalSection(SolutionProperties) = preSolution
		HideSolutionNode = FALSE
	EndGlobalSection
	GlobalSection(NestedProjects) = preSolution
		{4F135AEC-0252-42C2-A505-C2F666C3B4B5} = {46716219-D88A-4561-8337-BE281DFF685A}
		{2A7C5EE3-8399-43EB-82B6-9A3105E2EA1B} = {46716219-D88A-4561-8337-BE281DFF685A}
		{56F6C1DF-DDDB-4699-A973-04068B47760C} = {46716219-D88A-4561-8337-BE281DFF685A}
		{F43F700F-C6A2-4B14-A2C4-C29200C4A7A7} = {46716219-D88A-4561-8337-BE281DFF685A}
		{89070B70-EE44-479D-90DA-8787756C2E79} = {C5499D86-6A23-496A-9560-681CB6FDBD11}
		{AB92A8CA-FCF1-4499-B0F7-603533955BB4} = {C5499D86-6A23-496A-9560-681CB6FDBD11}
		{922E84FB-984D-42ED-AC4F-20496C62A628} = {C5499D86-6A23-496A-9560-681CB6FDBD11}
		{F6D19F31-6635-47B8-A04A-3F624DF2D0EE} = {C5499D86-6A23-496A-9560-681CB6FDBD11}
		{9E020B73-4471-439C-B21D-6A3ACCD24E79} = {C5499D86-6A23-496A-9560-681CB6FDBD11}
		{A96B2CC5-52FF-4487-A55E-332386854C97} = {518929AC-2D46-472A-A19B-9A5EA7EBC2BB}
		{C7F18EFC-702A-4D1C-99D7-61E90F51C9EF} = {518929AC-2D46-472A-A19B-9A5EA7EBC2BB}
	EndGlobalSection
	GlobalSection(ExtensibilityGlobals) = postSolution
		SolutionGuid = {01BD2BB3-D7AD-41B9-979C-340496ACE902}
	EndGlobalSection
EndGlobal
